{
  "name": "32-aichatbotbackend",
  "version": "1.0.0",
  "lockfileVersion": 3,
  "requires": true,
  "packages": {
    "": {
      "name": "32-aichatbotbackend",
      "version": "1.0.0",
      "license": "ISC",
      "dependencies": {
        "@google/generative-ai": "^0.22.0",
        "dotenv": "^16.4.7",
        "markdown-to-txt": "^2.0.1"
      }
    },
    "node_modules/@google/generative-ai": {
      "version": "0.22.0",
      "resolved": "https://registry.npmjs.org/@google/generative-ai/-/generative-ai-0.22.0.tgz",
      "integrity": "sha512-mLR3PDWCk5O/BWNyDvFDIiwKeXQmFGZ+kJFd9m73QrUPCFREttJyVbBPTW4y9CwTbaltLMDaLDfroCrRv5Bl8Q==",
      "engines": {
        "node": ">=18.0.0"
      }
    },
    "node_modules/dotenv": {
      "version": "16.4.7",
      "resolved": "https://registry.npmjs.org/dotenv/-/dotenv-16.4.7.tgz",
      "integrity": "sha512-47qPchRCykZC03FhkYAhrvwU4xDBFIj1QPqaarj6mdM/hgUzfPHcpkHJOn3mJAufFeeAxAzeGsr5X0M4k6fLZQ==",
      "engines": {
        "node": ">=12"
      },
      "funding": {
        "url": "https://dotenvx.com"
      }
    },
    "node_modules/lodash.escape": {
      "version": "4.0.1",
      "resolved": "https://registry.npmjs.org/lodash.escape/-/lodash.escape-4.0.1.tgz",
      "integrity": "sha512-nXEOnb/jK9g0DYMr1/Xvq6l5xMD7GDG55+GSYIYmS0G4tBk/hURD4JR9WCavs04t33WmJx9kCyp9vJ+mr4BOUw=="
    },
    "node_modules/lodash.unescape": {
      "version": "4.0.1",
      "resolved": "https://registry.npmjs.org/lodash.unescape/-/lodash.unescape-4.0.1.tgz",
      "integrity": "sha512-DhhGRshNS1aX6s5YdBE3njCCouPgnG29ebyHvImlZzXZf2SHgt+J08DHgytTPnpywNbO1Y8mNUFyQuIDBq2JZg=="
    },
    "node_modules/markdown-to-txt": {
      "version": "2.0.1",
      "resolved": "https://registry.npmjs.org/markdown-to-txt/-/markdown-to-txt-2.0.1.tgz",
      "integrity": "sha512-Hsj7KTN8k1gutlLum3vosHwVZGnv8/cbYKWVkUyo/D1rzOYddbDesILebRfOsaVfjIBJank/AVOySBlHAYqfZw==",
      "dependencies": {
        "lodash.escape": "^4.0.1",
        "lodash.unescape": "^4.0.1",
        "marked": "^4.0.14"
      }
    },
    "node_modules/marked": {
      "version": "4.3.0",
      "resolved": "https://registry.npmjs.org/marked/-/marked-4.3.0.tgz",
      "integrity": "sha512-PRsaiG84bK+AMvxziE/lCFss8juXjNaWzVbN5tXAm4XjeaS9NAHhop+PjQxz2A9h8Q4M/xGmzP8vqNwy6JeK0A==",
      "bin": {
        "marked": "bin/marked.js"
      },
      "engines": {
        "node": ">= 12"
      }
    }
  }
}
